
Microsoft Visual Studio Solution File, Format Version 12.00
# Visual Studio Version 17
VisualStudioVersion = 17.0.31808.319
MinimumVisualStudioVersion = 10.0.40219.1
Project("{FAE04EC0-301F-11D3-BF4B-00C04F79EFBC}") = "StatiqRazorMarkdownTagHelperTest", "StatiqRazorMarkdownTagHelperTest.csproj", "{68DF5F5C-D503-4C3B-9495-C534D230AB41}"
EndProject
Global
	GlobalSection(SolutionConfigurationPlatforms) = preSolution
		Debug|Any CPU = Debug|Any CPU
		Release|Any CPU = Release|Any CPU
	EndGlobalSection
	GlobalSection(ProjectConfigurationPlatforms) = postSolution
		{68DF5F5C-D503-4C3B-9495-C534D230AB41}.Debug|Any CPU.ActiveCfg = Debug|Any CPU
		{68DF5F5C-D503-4C3B-9495-C534D230AB41}.Debug|Any CPU.Build.0 = Debug|Any CPU
		{68DF5F5C-D503-4C3B-9495-C534D230AB41}.Release|Any CPU.ActiveCfg = Release|Any CPU
		{68DF5F5C-D503-4C3B-9495-C534D230AB41}.Release|Any CPU.Build.0 = Release|Any CPU
	EndGlobalSection
	GlobalSection(SolutionProperties) = preSolution
		HideSolutionNode = FALSE
	EndGlobalSection
	GlobalSection(ExtensibilityGlobals) = postSolution
		SolutionGuid = {2634317D-62F5-470B-A23B-78E4A37C447A}
	EndGlobalSection
EndGlobal
